
Microsoft Visual Studio Solution File, Format Version 12.00
# Visual Studio Version 16
VisualStudioVersion = 16.0.31605.320
MinimumVisualStudioVersion = 10.0.40219.1
Project("{FAE04EC0-301F-11D3-BF4B-00C04F79EFBC}") = "todosergio.common", "todosergio.common\todosergio.common.csproj", "{938BDE7B-4082-40EC-989A-1143EB8FB41C}"
EndProject
Project("{FAE04EC0-301F-11D3-BF4B-00C04F79EFBC}") = "todosergio.Functions", "todosergio.Functions\todosergio.Functions.csproj", "{8BF721DB-8328-421E-A054-777FB6A993F8}"
EndProject
Project("{FAE04EC0-301F-11D3-BF4B-00C04F79EFBC}") = "todosergio.Tests", "todosergio.Tests\todosergio.Tests.csproj", "{AF3C7C54-5654-4C87-9760-B68F5FE4D2CA}"
EndProject
Global
	GlobalSection(SolutionConfigurationPlatforms) = preSolution
		Debug|Any CPU = Debug|Any CPU
		Release|Any CPU = Release|Any CPU
	EndGlobalSection
	GlobalSection(ProjectConfigurationPlatforms) = postSolution
		{938BDE7B-4082-40EC-989A-1143EB8FB41C}.Debug|Any CPU.ActiveCfg = Debug|Any CPU
		{938BDE7B-4082-40EC-989A-1143EB8FB41C}.Debug|Any CPU.Build.0 = Debug|Any CPU
		{938BDE7B-4082-40EC-989A-1143EB8FB41C}.Release|Any CPU.ActiveCfg = Release|Any CPU
		{938BDE7B-4082-40EC-989A-1143EB8FB41C}.Release|Any CPU.Build.0 = Release|Any CPU
		{8BF721DB-8328-421E-A054-777FB6A993F8}.Debug|Any CPU.ActiveCfg = Debug|Any CPU
		{8BF721DB-8328-421E-A054-777FB6A993F8}.Debug|Any CPU.Build.0 = Debug|Any CPU
		{8BF721DB-8328-421E-A054-777FB6A993F8}.Release|Any CPU.ActiveCfg = Release|Any CPU
		{8BF721DB-8328-421E-A054-777FB6A993F8}.Release|Any CPU.Build.0 = Release|Any CPU
		{AF3C7C54-5654-4C87-9760-B68F5FE4D2CA}.Debug|Any CPU.ActiveCfg = Debug|Any CPU
		{AF3C7C54-5654-4C87-9760-B68F5FE4D2CA}.Debug|Any CPU.Build.0 = Debug|Any CPU
		{AF3C7C54-5654-4C87-9760-B68F5FE4D2CA}.Release|Any CPU.ActiveCfg = Release|Any CPU
		{AF3C7C54-5654-4C87-9760-B68F5FE4D2CA}.Release|Any CPU.Build.0 = Release|Any CPU
	EndGlobalSection
	GlobalSection(SolutionProperties) = preSolution
		HideSolutionNode = FALSE
	EndGlobalSection
	GlobalSection(ExtensibilityGlobals) = postSolution
		SolutionGuid = {BA9E4B8C-B7DF-4678-9288-7336D1CD789C}
	EndGlobalSection
EndGlobal
